
Microsoft Visual Studio Solution File, Format Version 12.00
# Visual Studio Version 18
VisualStudioVersion = 18.0.11205.157 d18.0
MinimumVisualStudioVersion = 10.0.40219.1
Project("{FAE04EC0-301F-11D3-BF4B-00C04F79EFBC}") = "TeamsBotTemplate", "teamsbot\TeamsBotTemplate.csproj", "{5C143E3A-49FC-2A0D-2761-C9854E4CE135}"
EndProject
Global
	GlobalSection(SolutionConfigurationPlatforms) = preSolution
		Debug|Any CPU = Debug|Any CPU
		Release|Any CPU = Release|Any CPU
	EndGlobalSection
	GlobalSection(ProjectConfigurationPlatforms) = postSolution
		{5C143E3A-49FC-2A0D-2761-C9854E4CE135}.Debug|Any CPU.ActiveCfg = Debug|Any CPU
		{5C143E3A-49FC-2A0D-2761-C9854E4CE135}.Debug|Any CPU.Build.0 = Debug|Any CPU
		{5C143E3A-49FC-2A0D-2761-C9854E4CE135}.Release|Any CPU.ActiveCfg = Release|Any CPU
		{5C143E3A-49FC-2A0D-2761-C9854E4CE135}.Release|Any CPU.Build.0 = Release|Any CPU
	EndGlobalSection
	GlobalSection(SolutionProperties) = preSolution
		HideSolutionNode = FALSE
	EndGlobalSection
	GlobalSection(ExtensibilityGlobals) = postSolution
		SolutionGuid = {DB8D8035-0937-4880-92D4-6ADE3A699023}
	EndGlobalSection
EndGlobal
